
Microsoft Visual Studio Solution File, Format Version 12.00
# Visual Studio Version 16
VisualStudioVersion = 16.0.30104.148
MinimumVisualStudioVersion = 10.0.40219.1
Project("{9A19103F-16F7-4668-BE54-9A1E7A4F7556}") = "App", "App\App.csproj", "{D4293A30-CE1C-4C15-A67E-1703A548441E}"
EndProject
Project("{FAE04EC0-301F-11D3-BF4B-00C04F79EFBC}") = "Proxies", "Proxies\Proxies.csproj", "{DECCCB60-BB06-42D5-9E1E-FB0B25CF4775}"
EndProject
Global
	GlobalSection(SolutionConfigurationPlatforms) = preSolution
		Debug|Any CPU = Debug|Any CPU
		Release|Any CPU = Release|Any CPU
	EndGlobalSection
	GlobalSection(ProjectConfigurationPlatforms) = postSolution
		{D4293A30-CE1C-4C15-A67E-1703A548441E}.Debug|Any CPU.ActiveCfg = Debug|Any CPU
		{D4293A30-CE1C-4C15-A67E-1703A548441E}.Debug|Any CPU.Build.0 = Debug|Any CPU
		{D4293A30-CE1C-4C15-A67E-1703A548441E}.Release|Any CPU.ActiveCfg = Release|Any CPU
		{D4293A30-CE1C-4C15-A67E-1703A548441E}.Release|Any CPU.Build.0 = Release|Any CPU
		{DECCCB60-BB06-42D5-9E1E-FB0B25CF4775}.Debug|Any CPU.ActiveCfg = Debug|Any CPU
		{DECCCB60-BB06-42D5-9E1E-FB0B25CF4775}.Debug|Any CPU.Build.0 = Debug|Any CPU
		{DECCCB60-BB06-42D5-9E1E-FB0B25CF4775}.Release|Any CPU.ActiveCfg = Release|Any CPU
		{DECCCB60-BB06-42D5-9E1E-FB0B25CF4775}.Release|Any CPU.Build.0 = Release|Any CPU
	EndGlobalSection
	GlobalSection(SolutionProperties) = preSolution
		HideSolutionNode = FALSE
	EndGlobalSection
	GlobalSection(ExtensibilityGlobals) = postSolution
		SolutionGuid = {373F01E6-9EF3-40DB-B050-A8B6AB78F950}
	EndGlobalSection
EndGlobal
